<?xml version="1.0" encoding="UTF-8"?>
<!DOCTYPE plist PUBLIC "-//Apple//DTD PLIST 1.0//EN" "http://www.apple.com/DTDs/PropertyList-1.0.dtd">
<plist version="1.0">
<dict>
	<key>archiveVersion</key>
	<string>1</string>
	<key>classes</key>
	<dict/>
	<key>objectVersion</key>
	<string>46</string>
	<key>objects</key>
	<dict>
		<key>2533ECA019FAC3CC0000CC6D</key>
		<dict>
			<key>children</key>
			<array>
				<string>2533ECB219FAC3CD0000CC6D</string>
				<string>2533ECD119FAC3CD0000CC6D</string>
				<string>2533ECAB19FAC3CC0000CC6D</string>
				<string>2533ECAA19FAC3CC0000CC6D</string>
				<string>9044353AF6FF3E5637B9D5A3</string>
			</array>
			<key>isa</key>
			<string>PBXGroup</string>
			<key>sourceTree</key>
			<string>&lt;group&gt;</string>
		</dict>
		<key>2533ECA119FAC3CC0000CC6D</key>
		<dict>
			<key>attributes</key>
			<dict>
				<key>LastUpgradeCheck</key>
				<string>0510</string>
				<key>ORGANIZATIONNAME</key>
				<string>ABaselNotBasilProduction</string>
				<key>TargetAttributes</key>
				<dict>
					<key>2533ECC919FAC3CD0000CC6D</key>
					<dict>
						<key>TestTargetID</key>
						<string>2533ECA819FAC3CC0000CC6D</string>
					</dict>
				</dict>
			</dict>
			<key>buildConfigurationList</key>
			<string>2533ECA419FAC3CC0000CC6D</string>
			<key>compatibilityVersion</key>
			<string>Xcode 3.2</string>
			<key>developmentRegion</key>
			<string>English</string>
			<key>hasScannedForEncodings</key>
			<string>0</string>
			<key>isa</key>
			<string>PBXProject</string>
			<key>knownRegions</key>
			<array>
				<string>en</string>
				<string>Base</string>
			</array>
			<key>mainGroup</key>
			<string>2533ECA019FAC3CC0000CC6D</string>
			<key>productRefGroup</key>
			<string>2533ECAA19FAC3CC0000CC6D</string>
			<key>projectDirPath</key>
			<string></string>
			<key>projectReferences</key>
			<array/>
			<key>projectRoot</key>
			<string></string>
			<key>targets</key>
			<array>
				<string>2533ECA819FAC3CC0000CC6D</string>
				<string>2533ECC919FAC3CD0000CC6D</string>
			</array>
		</dict>
		<key>2533ECA419FAC3CC0000CC6D</key>
		<dict>
			<key>buildConfigurations</key>
			<array>
				<string>2533ECD919FAC3CD0000CC6D</string>
				<string>2533ECDA19FAC3CD0000CC6D</string>
			</array>
			<key>defaultConfigurationIsVisible</key>
			<string>0</string>
			<key>defaultConfigurationName</key>
			<string>Release</string>
			<key>isa</key>
			<string>XCConfigurationList</string>
		</dict>
		<key>2533ECA519FAC3CC0000CC6D</key>
		<dict>
			<key>buildActionMask</key>
			<string>2147483647</string>
			<key>files</key>
			<array>
				<string>2533ECC319FAC3CD0000CC6D</string>
				<string>2533ECE619FAE1B20000CC6D</string>
				<string>2533ECBD19FAC3CD0000CC6D</string>
				<string>2533ECE319FADE560000CC6D</string>
				<string>2533ECB919FAC3CD0000CC6D</string>
				<string>2533ECEC19FC5A3F0000CC6D</string>
				<string>2533ECE919FAEDE10000CC6D</string>
			</array>
			<key>isa</key>
			<string>PBXSourcesBuildPhase</string>
			<key>runOnlyForDeploymentPostprocessing</key>
			<string>0</string>
		</dict>
		<key>2533ECA619FAC3CC0000CC6D</key>
		<dict>
			<key>buildActionMask</key>
			<string>2147483647</string>
			<key>files</key>
			<array>
				<string>2533ECAF19FAC3CC0000CC6D</string>
				<string>2533ECB119FAC3CD0000CC6D</string>
				<string>2533ECAD19FAC3CC0000CC6D</string>
				<string>CBA7C2DE07E5966CF8323A7D</string>
			</array>
			<key>isa</key>
			<string>PBXFrameworksBuildPhase</string>
			<key>runOnlyForDeploymentPostprocessing</key>
			<string>0</string>
		</dict>
		<key>2533ECA719FAC3CC0000CC6D</key>
		<dict>
			<key>buildActionMask</key>
			<string>2147483647</string>
			<key>files</key>
			<array>
				<string>2533ECC519FAC3CD0000CC6D</string>
				<string>2533ECB719FAC3CD0000CC6D</string>
				<string>2533ECC019FAC3CD0000CC6D</string>
			</array>
			<key>isa</key>
			<string>PBXResourcesBuildPhase</string>
			<key>runOnlyForDeploymentPostprocessing</key>
			<string>0</string>
		</dict>
		<key>2533ECA819FAC3CC0000CC6D</key>
		<dict>
			<key>buildConfigurationList</key>
			<string>2533ECDB19FAC3CD0000CC6D</string>
			<key>buildPhases</key>
			<array>
				<string>66DF8A59D6923C98C9AF6664</string>
				<string>2533ECA519FAC3CC0000CC6D</string>
				<string>2533ECA619FAC3CC0000CC6D</string>
				<string>2533ECA719FAC3CC0000CC6D</string>
				<string>4263A6788E5AA55DE0534AB1</string>
			</array>
			<key>buildRules</key>
			<array/>
			<key>dependencies</key>
			<array/>
			<key>isa</key>
			<string>PBXNativeTarget</string>
			<key>name</key>
			<string>ProlificLibrarySWAG</string>
			<key>productName</key>
			<string>ProlificLibrarySWAG</string>
			<key>productReference</key>
			<string>2533ECA919FAC3CC0000CC6D</string>
			<key>productType</key>
			<string>com.apple.product-type.application</string>
		</dict>
		<key>2533ECA919FAC3CC0000CC6D</key>
		<dict>
			<key>explicitFileType</key>
			<string>wrapper.application</string>
			<key>includeInIndex</key>
			<string>0</string>
			<key>isa</key>
			<string>PBXFileReference</string>
			<key>path</key>
			<string>ProlificLibrarySWAG.app</string>
			<key>sourceTree</key>
			<string>BUILT_PRODUCTS_DIR</string>
		</dict>
		<key>2533ECAA19FAC3CC0000CC6D</key>
		<dict>
			<key>children</key>
			<array>
				<string>2533ECA919FAC3CC0000CC6D</string>
				<string>2533ECCA19FAC3CD0000CC6D</string>
			</array>
			<key>isa</key>
			<string>PBXGroup</string>
			<key>name</key>
			<string>Products</string>
			<key>sourceTree</key>
			<string>&lt;group&gt;</string>
		</dict>
		<key>2533ECAB19FAC3CC0000CC6D</key>
		<dict>
			<key>children</key>
			<array>
				<string>2533ECAC19FAC3CC0000CC6D</string>
				<string>2533ECAE19FAC3CC0000CC6D</string>
				<string>2533ECB019FAC3CD0000CC6D</string>
				<string>2533ECCB19FAC3CD0000CC6D</string>
				<string>EC69CE5F6839F67385C8C7AB</string>
			</array>
			<key>isa</key>
			<string>PBXGroup</string>
			<key>name</key>
			<string>Frameworks</string>
			<key>sourceTree</key>
			<string>&lt;group&gt;</string>
		</dict>
		<key>2533ECAC19FAC3CC0000CC6D</key>
		<dict>
			<key>isa</key>
			<string>PBXFileReference</string>
			<key>lastKnownFileType</key>
			<string>wrapper.framework</string>
			<key>name</key>
			<string>Foundation.framework</string>
			<key>path</key>
			<string>System/Library/Frameworks/Foundation.framework</string>
			<key>sourceTree</key>
			<string>SDKROOT</string>
		</dict>
		<key>2533ECAD19FAC3CC0000CC6D</key>
		<dict>
			<key>fileRef</key>
			<string>2533ECAC19FAC3CC0000CC6D</string>
			<key>isa</key>
			<string>PBXBuildFile</string>
		</dict>
		<key>2533ECAE19FAC3CC0000CC6D</key>
		<dict>
			<key>isa</key>
			<string>PBXFileReference</string>
			<key>lastKnownFileType</key>
			<string>wrapper.framework</string>
			<key>name</key>
			<string>CoreGraphics.framework</string>
			<key>path</key>
			<string>System/Library/Frameworks/CoreGraphics.framework</string>
			<key>sourceTree</key>
			<string>SDKROOT</string>
		</dict>
		<key>2533ECAF19FAC3CC0000CC6D</key>
		<dict>
			<key>fileRef</key>
			<string>2533ECAE19FAC3CC0000CC6D</string>
			<key>isa</key>
			<string>PBXBuildFile</string>
		</dict>
		<key>2533ECB019FAC3CD0000CC6D</key>
		<dict>
			<key>isa</key>
			<string>PBXFileReference</string>
			<key>lastKnownFileType</key>
			<string>wrapper.framework</string>
			<key>name</key>
			<string>UIKit.framework</string>
			<key>path</key>
			<string>System/Library/Frameworks/UIKit.framework</string>
			<key>sourceTree</key>
			<string>SDKROOT</string>
		</dict>
		<key>2533ECB119FAC3CD0000CC6D</key>
		<dict>
			<key>fileRef</key>
			<string>2533ECB019FAC3CD0000CC6D</string>
			<key>isa</key>
			<string>PBXBuildFile</string>
		</dict>
		<key>2533ECB219FAC3CD0000CC6D</key>
		<dict>
			<key>children</key>
			<array>
				<string>2533ECBB19FAC3CD0000CC6D</string>
				<string>2533ECBC19FAC3CD0000CC6D</string>
				<string>2533ECBE19FAC3CD0000CC6D</string>
				<string>2533ECE419FAE1B20000CC6D</string>
				<string>2533ECE519FAE1B20000CC6D</string>
				<string>2533ECC119FAC3CD0000CC6D</string>
				<string>2533ECC219FAC3CD0000CC6D</string>
				<string>2533ECEA19FC5A3F0000CC6D</string>
				<string>2533ECEB19FC5A3F0000CC6D</string>
				<string>2533ECE719FAEDE10000CC6D</string>
				<string>2533ECE819FAEDE10000CC6D</string>
				<string>2533ECE119FADE560000CC6D</string>
				<string>2533ECE219FADE560000CC6D</string>
				<string>2533ECC419FAC3CD0000CC6D</string>
				<string>2533ECB319FAC3CD0000CC6D</string>
			</array>
			<key>isa</key>
			<string>PBXGroup</string>
			<key>path</key>
			<string>ProlificLibrarySWAG</string>
			<key>sourceTree</key>
			<string>&lt;group&gt;</string>
		</dict>
		<key>2533ECB319FAC3CD0000CC6D</key>
		<dict>
			<key>children</key>
			<array>
				<string>2533ECB419FAC3CD0000CC6D</string>
				<string>2533ECB519FAC3CD0000CC6D</string>
				<string>2533ECB819FAC3CD0000CC6D</string>
				<string>2533ECBA19FAC3CD0000CC6D</string>
			</array>
			<key>isa</key>
			<string>PBXGroup</string>
			<key>name</key>
			<string>Supporting Files</string>
			<key>sourceTree</key>
			<string>&lt;group&gt;</string>
		</dict>
		<key>2533ECB419FAC3CD0000CC6D</key>
		<dict>
			<key>isa</key>
			<string>PBXFileReference</string>
			<key>lastKnownFileType</key>
			<string>text.plist.xml</string>
			<key>path</key>
			<string>ProlificLibrarySWAG-Info.plist</string>
			<key>sourceTree</key>
			<string>&lt;group&gt;</string>
		</dict>
		<key>2533ECB519FAC3CD0000CC6D</key>
		<dict>
			<key>children</key>
			<array>
				<string>2533ECB619FAC3CD0000CC6D</string>
			</array>
			<key>isa</key>
			<string>PBXVariantGroup</string>
			<key>name</key>
			<string>InfoPlist.strings</string>
			<key>sourceTree</key>
			<string>&lt;group&gt;</string>
		</dict>
		<key>2533ECB619FAC3CD0000CC6D</key>
		<dict>
			<key>isa</key>
			<string>PBXFileReference</string>
			<key>lastKnownFileType</key>
			<string>text.plist.strings</string>
			<key>name</key>
			<string>en</string>
			<key>path</key>
			<string>en.lproj/InfoPlist.strings</string>
			<key>sourceTree</key>
			<string>&lt;group&gt;</string>
		</dict>
		<key>2533ECB719FAC3CD0000CC6D</key>
		<dict>
			<key>fileRef</key>
			<string>2533ECB519FAC3CD0000CC6D</string>
			<key>isa</key>
			<string>PBXBuildFile</string>
		</dict>
		<key>2533ECB819FAC3CD0000CC6D</key>
		<dict>
			<key>isa</key>
			<string>PBXFileReference</string>
			<key>lastKnownFileType</key>
			<string>sourcecode.c.objc</string>
			<key>path</key>
			<string>main.m</string>
			<key>sourceTree</key>
			<string>&lt;group&gt;</string>
		</dict>
		<key>2533ECB919FAC3CD0000CC6D</key>
		<dict>
			<key>fileRef</key>
			<string>2533ECB819FAC3CD0000CC6D</string>
			<key>isa</key>
			<string>PBXBuildFile</string>
		</dict>
		<key>2533ECBA19FAC3CD0000CC6D</key>
		<dict>
			<key>isa</key>
			<string>PBXFileReference</string>
			<key>lastKnownFileType</key>
			<string>sourcecode.c.h</string>
			<key>path</key>
			<string>ProlificLibrarySWAG-Prefix.pch</string>
			<key>sourceTree</key>
			<string>&lt;group&gt;</string>
		</dict>
		<key>2533ECBB19FAC3CD0000CC6D</key>
		<dict>
			<key>isa</key>
			<string>PBXFileReference</string>
			<key>lastKnownFileType</key>
			<string>sourcecode.c.h</string>
			<key>path</key>
			<string>AppDelegate.h</string>
			<key>sourceTree</key>
			<string>&lt;group&gt;</string>
		</dict>
		<key>2533ECBC19FAC3CD0000CC6D</key>
		<dict>
			<key>isa</key>
			<string>PBXFileReference</string>
			<key>lastKnownFileType</key>
			<string>sourcecode.c.objc</string>
			<key>path</key>
			<string>AppDelegate.m</string>
			<key>sourceTree</key>
			<string>&lt;group&gt;</string>
		</dict>
		<key>2533ECBD19FAC3CD0000CC6D</key>
		<dict>
			<key>fileRef</key>
			<string>2533ECBC19FAC3CD0000CC6D</string>
			<key>isa</key>
			<string>PBXBuildFile</string>
		</dict>
		<key>2533ECBE19FAC3CD0000CC6D</key>
		<dict>
			<key>children</key>
			<array>
				<string>2533ECBF19FAC3CD0000CC6D</string>
			</array>
			<key>isa</key>
			<string>PBXVariantGroup</string>
			<key>name</key>
			<string>Main.storyboard</string>
			<key>sourceTree</key>
			<string>&lt;group&gt;</string>
		</dict>
		<key>2533ECBF19FAC3CD0000CC6D</key>
		<dict>
			<key>isa</key>
			<string>PBXFileReference</string>
			<key>lastKnownFileType</key>
			<string>file.storyboard</string>
			<key>name</key>
			<string>Base</string>
			<key>path</key>
			<string>Base.lproj/Main.storyboard</string>
			<key>sourceTree</key>
			<string>&lt;group&gt;</string>
		</dict>
		<key>2533ECC019FAC3CD0000CC6D</key>
		<dict>
			<key>fileRef</key>
			<string>2533ECBE19FAC3CD0000CC6D</string>
			<key>isa</key>
			<string>PBXBuildFile</string>
		</dict>
		<key>2533ECC119FAC3CD0000CC6D</key>
		<dict>
			<key>isa</key>
			<string>PBXFileReference</string>
			<key>lastKnownFileType</key>
			<string>sourcecode.c.h</string>
			<key>path</key>
			<string>MainViewController.h</string>
			<key>sourceTree</key>
			<string>&lt;group&gt;</string>
		</dict>
		<key>2533ECC219FAC3CD0000CC6D</key>
		<dict>
			<key>isa</key>
			<string>PBXFileReference</string>
			<key>lastKnownFileType</key>
			<string>sourcecode.c.objc</string>
			<key>path</key>
			<string>MainViewController.m</string>
			<key>sourceTree</key>
			<string>&lt;group&gt;</string>
		</dict>
		<key>2533ECC319FAC3CD0000CC6D</key>
		<dict>
			<key>fileRef</key>
			<string>2533ECC219FAC3CD0000CC6D</string>
			<key>isa</key>
			<string>PBXBuildFile</string>
		</dict>
		<key>2533ECC419FAC3CD0000CC6D</key>
		<dict>
			<key>isa</key>
			<string>PBXFileReference</string>
			<key>lastKnownFileType</key>
			<string>folder.assetcatalog</string>
			<key>path</key>
			<string>Images.xcassets</string>
			<key>sourceTree</key>
			<string>&lt;group&gt;</string>
		</dict>
		<key>2533ECC519FAC3CD0000CC6D</key>
		<dict>
			<key>fileRef</key>
			<string>2533ECC419FAC3CD0000CC6D</string>
			<key>isa</key>
			<string>PBXBuildFile</string>
		</dict>
		<key>2533ECC619FAC3CD0000CC6D</key>
		<dict>
			<key>buildActionMask</key>
			<string>2147483647</string>
			<key>files</key>
			<array>
				<string>2533ECD819FAC3CD0000CC6D</string>
			</array>
			<key>isa</key>
			<string>PBXSourcesBuildPhase</string>
			<key>runOnlyForDeploymentPostprocessing</key>
			<string>0</string>
		</dict>
		<key>2533ECC719FAC3CD0000CC6D</key>
		<dict>
			<key>buildActionMask</key>
			<string>2147483647</string>
			<key>files</key>
			<array>
				<string>2533ECCC19FAC3CD0000CC6D</string>
				<string>2533ECCE19FAC3CD0000CC6D</string>
				<string>2533ECCD19FAC3CD0000CC6D</string>
			</array>
			<key>isa</key>
			<string>PBXFrameworksBuildPhase</string>
			<key>runOnlyForDeploymentPostprocessing</key>
			<string>0</string>
		</dict>
		<key>2533ECC819FAC3CD0000CC6D</key>
		<dict>
			<key>buildActionMask</key>
			<string>2147483647</string>
			<key>files</key>
			<array>
				<string>2533ECD619FAC3CD0000CC6D</string>
			</array>
			<key>isa</key>
			<string>PBXResourcesBuildPhase</string>
			<key>runOnlyForDeploymentPostprocessing</key>
			<string>0</string>
		</dict>
		<key>2533ECC919FAC3CD0000CC6D</key>
		<dict>
			<key>buildConfigurationList</key>
			<string>2533ECDE19FAC3CD0000CC6D</string>
			<key>buildPhases</key>
			<array>
				<string>2533ECC619FAC3CD0000CC6D</string>
				<string>2533ECC719FAC3CD0000CC6D</string>
				<string>2533ECC819FAC3CD0000CC6D</string>
			</array>
			<key>buildRules</key>
			<array/>
			<key>dependencies</key>
			<array>
				<string>2533ECD019FAC3CD0000CC6D</string>
			</array>
			<key>isa</key>
			<string>PBXNativeTarget</string>
			<key>name</key>
			<string>ProlificLibrarySWAGTests</string>
			<key>productName</key>
			<string>ProlificLibrarySWAGTests</string>
			<key>productReference</key>
			<string>2533ECCA19FAC3CD0000CC6D</string>
			<key>productType</key>
			<string>com.apple.product-type.bundle.unit-test</string>
		</dict>
		<key>2533ECCA19FAC3CD0000CC6D</key>
		<dict>
			<key>explicitFileType</key>
			<string>wrapper.cfbundle</string>
			<key>includeInIndex</key>
			<string>0</string>
			<key>isa</key>
			<string>PBXFileReference</string>
			<key>path</key>
			<string>ProlificLibrarySWAGTests.xctest</string>
			<key>sourceTree</key>
			<string>BUILT_PRODUCTS_DIR</string>
		</dict>
		<key>2533ECCB19FAC3CD0000CC6D</key>
		<dict>
			<key>isa</key>
			<string>PBXFileReference</string>
			<key>lastKnownFileType</key>
			<string>wrapper.framework</string>
			<key>name</key>
			<string>XCTest.framework</string>
			<key>path</key>
			<string>Library/Frameworks/XCTest.framework</string>
			<key>sourceTree</key>
			<string>DEVELOPER_DIR</string>
		</dict>
		<key>2533ECCC19FAC3CD0000CC6D</key>
		<dict>
			<key>fileRef</key>
			<string>2533ECCB19FAC3CD0000CC6D</string>
			<key>isa</key>
			<string>PBXBuildFile</string>
		</dict>
		<key>2533ECCD19FAC3CD0000CC6D</key>
		<dict>
			<key>fileRef</key>
			<string>2533ECAC19FAC3CC0000CC6D</string>
			<key>isa</key>
			<string>PBXBuildFile</string>
		</dict>
		<key>2533ECCE19FAC3CD0000CC6D</key>
		<dict>
			<key>fileRef</key>
			<string>2533ECB019FAC3CD0000CC6D</string>
			<key>isa</key>
			<string>PBXBuildFile</string>
		</dict>
		<key>2533ECCF19FAC3CD0000CC6D</key>
		<dict>
			<key>containerPortal</key>
			<string>2533ECA119FAC3CC0000CC6D</string>
			<key>isa</key>
			<string>PBXContainerItemProxy</string>
			<key>proxyType</key>
			<string>1</string>
			<key>remoteGlobalIDString</key>
			<string>2533ECA819FAC3CC0000CC6D</string>
			<key>remoteInfo</key>
			<string>ProlificLibrarySWAG</string>
		</dict>
		<key>2533ECD019FAC3CD0000CC6D</key>
		<dict>
			<key>isa</key>
			<string>PBXTargetDependency</string>
			<key>target</key>
			<string>2533ECA819FAC3CC0000CC6D</string>
			<key>targetProxy</key>
			<string>2533ECCF19FAC3CD0000CC6D</string>
		</dict>
		<key>2533ECD119FAC3CD0000CC6D</key>
		<dict>
			<key>children</key>
			<array>
				<string>2533ECD719FAC3CD0000CC6D</string>
				<string>2533ECD219FAC3CD0000CC6D</string>
			</array>
			<key>isa</key>
			<string>PBXGroup</string>
			<key>path</key>
			<string>ProlificLibrarySWAGTests</string>
			<key>sourceTree</key>
			<string>&lt;group&gt;</string>
		</dict>
		<key>2533ECD219FAC3CD0000CC6D</key>
		<dict>
			<key>children</key>
			<array>
				<string>2533ECD319FAC3CD0000CC6D</string>
				<string>2533ECD419FAC3CD0000CC6D</string>
			</array>
			<key>isa</key>
			<string>PBXGroup</string>
			<key>name</key>
			<string>Supporting Files</string>
			<key>sourceTree</key>
			<string>&lt;group&gt;</string>
		</dict>
		<key>2533ECD319FAC3CD0000CC6D</key>
		<dict>
			<key>isa</key>
			<string>PBXFileReference</string>
			<key>lastKnownFileType</key>
			<string>text.plist.xml</string>
			<key>path</key>
			<string>ProlificLibrarySWAGTests-Info.plist</string>
			<key>sourceTree</key>
			<string>&lt;group&gt;</string>
		</dict>
		<key>2533ECD419FAC3CD0000CC6D</key>
		<dict>
			<key>children</key>
			<array>
				<string>2533ECD519FAC3CD0000CC6D</string>
			</array>
			<key>isa</key>
			<string>PBXVariantGroup</string>
			<key>name</key>
			<string>InfoPlist.strings</string>
			<key>sourceTree</key>
			<string>&lt;group&gt;</string>
		</dict>
		<key>2533ECD519FAC3CD0000CC6D</key>
		<dict>
			<key>isa</key>
			<string>PBXFileReference</string>
			<key>lastKnownFileType</key>
			<string>text.plist.strings</string>
			<key>name</key>
			<string>en</string>
			<key>path</key>
			<string>en.lproj/InfoPlist.strings</string>
			<key>sourceTree</key>
			<string>&lt;group&gt;</string>
		</dict>
		<key>2533ECD619FAC3CD0000CC6D</key>
		<dict>
			<key>fileRef</key>
			<string>2533ECD419FAC3CD0000CC6D</string>
			<key>isa</key>
			<string>PBXBuildFile</string>
		</dict>
		<key>2533ECD719FAC3CD0000CC6D</key>
		<dict>
			<key>isa</key>
			<string>PBXFileReference</string>
			<key>lastKnownFileType</key>
			<string>sourcecode.c.objc</string>
			<key>path</key>
			<string>ProlificLibrarySWAGTests.m</string>
			<key>sourceTree</key>
			<string>&lt;group&gt;</string>
		</dict>
		<key>2533ECD819FAC3CD0000CC6D</key>
		<dict>
			<key>fileRef</key>
			<string>2533ECD719FAC3CD0000CC6D</string>
			<key>isa</key>
			<string>PBXBuildFile</string>
		</dict>
		<key>2533ECD919FAC3CD0000CC6D</key>
		<dict>
			<key>buildSettings</key>
			<dict>
				<key>ALWAYS_SEARCH_USER_PATHS</key>
				<string>NO</string>
				<key>CLANG_CXX_LANGUAGE_STANDARD</key>
				<string>gnu++0x</string>
				<key>CLANG_CXX_LIBRARY</key>
				<string>libc++</string>
				<key>CLANG_ENABLE_MODULES</key>
				<string>YES</string>
				<key>CLANG_ENABLE_OBJC_ARC</key>
				<string>YES</string>
				<key>CLANG_WARN_BOOL_CONVERSION</key>
				<string>YES</string>
				<key>CLANG_WARN_CONSTANT_CONVERSION</key>
				<string>YES</string>
				<key>CLANG_WARN_DIRECT_OBJC_ISA_USAGE</key>
				<string>YES_ERROR</string>
				<key>CLANG_WARN_EMPTY_BODY</key>
				<string>YES</string>
				<key>CLANG_WARN_ENUM_CONVERSION</key>
				<string>YES</string>
				<key>CLANG_WARN_INT_CONVERSION</key>
				<string>YES</string>
				<key>CLANG_WARN_OBJC_ROOT_CLASS</key>
				<string>YES_ERROR</string>
				<key>CLANG_WARN__DUPLICATE_METHOD_MATCH</key>
				<string>YES</string>
				<key>CODE_SIGN_IDENTITY[sdk=iphoneos*]</key>
				<string>iPhone Developer</string>
				<key>COPY_PHASE_STRIP</key>
				<string>NO</string>
				<key>GCC_C_LANGUAGE_STANDARD</key>
				<string>gnu99</string>
				<key>GCC_DYNAMIC_NO_PIC</key>
				<string>NO</string>
				<key>GCC_OPTIMIZATION_LEVEL</key>
				<string>0</string>
				<key>GCC_PREPROCESSOR_DEFINITIONS</key>
				<array>
					<string>DEBUG=1</string>
					<string>$(inherited)</string>
				</array>
				<key>GCC_SYMBOLS_PRIVATE_EXTERN</key>
				<string>NO</string>
				<key>GCC_WARN_64_TO_32_BIT_CONVERSION</key>
				<string>YES</string>
				<key>GCC_WARN_ABOUT_RETURN_TYPE</key>
				<string>YES_ERROR</string>
				<key>GCC_WARN_UNDECLARED_SELECTOR</key>
				<string>YES</string>
				<key>GCC_WARN_UNINITIALIZED_AUTOS</key>
				<string>YES_AGGRESSIVE</string>
				<key>GCC_WARN_UNUSED_FUNCTION</key>
				<string>YES</string>
				<key>GCC_WARN_UNUSED_VARIABLE</key>
				<string>YES</string>
				<key>IPHONEOS_DEPLOYMENT_TARGET</key>
				<string>7.1</string>
				<key>ONLY_ACTIVE_ARCH</key>
				<string>YES</string>
				<key>SDKROOT</key>
				<string>iphoneos</string>
			</dict>
			<key>isa</key>
			<string>XCBuildConfiguration</string>
			<key>name</key>
			<string>Debug</string>
		</dict>
		<key>2533ECDA19FAC3CD0000CC6D</key>
		<dict>
			<key>buildSettings</key>
			<dict>
				<key>ALWAYS_SEARCH_USER_PATHS</key>
				<string>NO</string>
				<key>CLANG_CXX_LANGUAGE_STANDARD</key>
				<string>gnu++0x</string>
				<key>CLANG_CXX_LIBRARY</key>
				<string>libc++</string>
				<key>CLANG_ENABLE_MODULES</key>
				<string>YES</string>
				<key>CLANG_ENABLE_OBJC_ARC</key>
				<string>YES</string>
				<key>CLANG_WARN_BOOL_CONVERSION</key>
				<string>YES</string>
				<key>CLANG_WARN_CONSTANT_CONVERSION</key>
				<string>YES</string>
				<key>CLANG_WARN_DIRECT_OBJC_ISA_USAGE</key>
				<string>YES_ERROR</string>
				<key>CLANG_WARN_EMPTY_BODY</key>
				<string>YES</string>
				<key>CLANG_WARN_ENUM_CONVERSION</key>
				<string>YES</string>
				<key>CLANG_WARN_INT_CONVERSION</key>
				<string>YES</string>
				<key>CLANG_WARN_OBJC_ROOT_CLASS</key>
				<string>YES_ERROR</string>
				<key>CLANG_WARN__DUPLICATE_METHOD_MATCH</key>
				<string>YES</string>
				<key>CODE_SIGN_IDENTITY[sdk=iphoneos*]</key>
				<string>iPhone Developer</string>
				<key>COPY_PHASE_STRIP</key>
				<string>YES</string>
				<key>ENABLE_NS_ASSERTIONS</key>
				<string>NO</string>
				<key>GCC_C_LANGUAGE_STANDARD</key>
				<string>gnu99</string>
				<key>GCC_WARN_64_TO_32_BIT_CONVERSION</key>
				<string>YES</string>
				<key>GCC_WARN_ABOUT_RETURN_TYPE</key>
				<string>YES_ERROR</string>
				<key>GCC_WARN_UNDECLARED_SELECTOR</key>
				<string>YES</string>
				<key>GCC_WARN_UNINITIALIZED_AUTOS</key>
				<string>YES_AGGRESSIVE</string>
				<key>GCC_WARN_UNUSED_FUNCTION</key>
				<string>YES</string>
				<key>GCC_WARN_UNUSED_VARIABLE</key>
				<string>YES</string>
				<key>IPHONEOS_DEPLOYMENT_TARGET</key>
				<string>7.1</string>
				<key>SDKROOT</key>
				<string>iphoneos</string>
				<key>VALIDATE_PRODUCT</key>
				<string>YES</string>
			</dict>
			<key>isa</key>
			<string>XCBuildConfiguration</string>
			<key>name</key>
			<string>Release</string>
		</dict>
		<key>2533ECDB19FAC3CD0000CC6D</key>
		<dict>
			<key>buildConfigurations</key>
			<array>
				<string>2533ECDC19FAC3CD0000CC6D</string>
				<string>2533ECDD19FAC3CD0000CC6D</string>
			</array>
			<key>defaultConfigurationIsVisible</key>
			<string>0</string>
			<key>isa</key>
			<string>XCConfigurationList</string>
		</dict>
		<key>2533ECDC19FAC3CD0000CC6D</key>
		<dict>
			<key>baseConfigurationReference</key>
			<string>9030190FFF8D0F0E17E4A210</string>
			<key>buildSettings</key>
			<dict>
				<key>ASSETCATALOG_COMPILER_APPICON_NAME</key>
				<string>AppIcon</string>
				<key>ASSETCATALOG_COMPILER_LAUNCHIMAGE_NAME</key>
				<string>LaunchImage</string>
				<key>GCC_PRECOMPILE_PREFIX_HEADER</key>
				<string>YES</string>
				<key>GCC_PREFIX_HEADER</key>
				<string>ProlificLibrarySWAG/ProlificLibrarySWAG-Prefix.pch</string>
				<key>INFOPLIST_FILE</key>
				<string>ProlificLibrarySWAG/ProlificLibrarySWAG-Info.plist</string>
				<key>PRODUCT_NAME</key>
				<string>$(TARGET_NAME)</string>
				<key>WRAPPER_EXTENSION</key>
				<string>app</string>
			</dict>
			<key>isa</key>
			<string>XCBuildConfiguration</string>
			<key>name</key>
			<string>Debug</string>
		</dict>
		<key>2533ECDD19FAC3CD0000CC6D</key>
		<dict>
			<key>baseConfigurationReference</key>
			<string>FDBA1E8E2AC2FD81D9925992</string>
			<key>buildSettings</key>
			<dict>
				<key>ASSETCATALOG_COMPILER_APPICON_NAME</key>
				<string>AppIcon</string>
				<key>ASSETCATALOG_COMPILER_LAUNCHIMAGE_NAME</key>
				<string>LaunchImage</string>
				<key>GCC_PRECOMPILE_PREFIX_HEADER</key>
				<string>YES</string>
				<key>GCC_PREFIX_HEADER</key>
				<string>ProlificLibrarySWAG/ProlificLibrarySWAG-Prefix.pch</string>
				<key>INFOPLIST_FILE</key>
				<string>ProlificLibrarySWAG/ProlificLibrarySWAG-Info.plist</string>
				<key>PRODUCT_NAME</key>
				<string>$(TARGET_NAME)</string>
				<key>WRAPPER_EXTENSION</key>
				<string>app</string>
			</dict>
			<key>isa</key>
			<string>XCBuildConfiguration</string>
			<key>name</key>
			<string>Release</string>
		</dict>
		<key>2533ECDE19FAC3CD0000CC6D</key>
		<dict>
			<key>buildConfigurations</key>
			<array>
				<string>2533ECDF19FAC3CD0000CC6D</string>
				<string>2533ECE019FAC3CD0000CC6D</string>
			</array>
			<key>defaultConfigurationIsVisible</key>
			<string>0</string>
			<key>isa</key>
			<string>XCConfigurationList</string>
		</dict>
		<key>2533ECDF19FAC3CD0000CC6D</key>
		<dict>
			<key>buildSettings</key>
			<dict>
				<key>BUNDLE_LOADER</key>
				<string>$(BUILT_PRODUCTS_DIR)/ProlificLibrarySWAG.app/ProlificLibrarySWAG</string>
				<key>FRAMEWORK_SEARCH_PATHS</key>
				<array>
					<string>$(SDKROOT)/Developer/Library/Frameworks</string>
					<string>$(inherited)</string>
					<string>$(DEVELOPER_FRAMEWORKS_DIR)</string>
				</array>
				<key>GCC_PRECOMPILE_PREFIX_HEADER</key>
				<string>YES</string>
				<key>GCC_PREFIX_HEADER</key>
				<string>ProlificLibrarySWAG/ProlificLibrarySWAG-Prefix.pch</string>
				<key>GCC_PREPROCESSOR_DEFINITIONS</key>
				<array>
					<string>DEBUG=1</string>
					<string>$(inherited)</string>
				</array>
				<key>INFOPLIST_FILE</key>
				<string>ProlificLibrarySWAGTests/ProlificLibrarySWAGTests-Info.plist</string>
				<key>PRODUCT_NAME</key>
				<string>$(TARGET_NAME)</string>
				<key>TEST_HOST</key>
				<string>$(BUNDLE_LOADER)</string>
				<key>WRAPPER_EXTENSION</key>
				<string>xctest</string>
			</dict>
			<key>isa</key>
			<string>XCBuildConfiguration</string>
			<key>name</key>
			<string>Debug</string>
		</dict>
		<key>2533ECE019FAC3CD0000CC6D</key>
		<dict>
			<key>buildSettings</key>
			<dict>
				<key>BUNDLE_LOADER</key>
				<string>$(BUILT_PRODUCTS_DIR)/ProlificLibrarySWAG.app/ProlificLibrarySWAG</string>
				<key>FRAMEWORK_SEARCH_PATHS</key>
				<array>
					<string>$(SDKROOT)/Developer/Library/Frameworks</string>
					<string>$(inherited)</string>
					<string>$(DEVELOPER_FRAMEWORKS_DIR)</string>
				</array>
				<key>GCC_PRECOMPILE_PREFIX_HEADER</key>
				<string>YES</string>
				<key>GCC_PREFIX_HEADER</key>
				<string>ProlificLibrarySWAG/ProlificLibrarySWAG-Prefix.pch</string>
				<key>INFOPLIST_FILE</key>
				<string>ProlificLibrarySWAGTests/ProlificLibrarySWAGTests-Info.plist</string>
				<key>PRODUCT_NAME</key>
				<string>$(TARGET_NAME)</string>
				<key>TEST_HOST</key>
				<string>$(BUNDLE_LOADER)</string>
				<key>WRAPPER_EXTENSION</key>
				<string>xctest</string>
			</dict>
			<key>isa</key>
			<string>XCBuildConfiguration</string>
			<key>name</key>
			<string>Release</string>
		</dict>
		<key>2533ECE119FADE560000CC6D</key>
		<dict>
			<key>fileEncoding</key>
			<string>4</string>
			<key>isa</key>
			<string>PBXFileReference</string>
			<key>lastKnownFileType</key>
			<string>sourcecode.c.h</string>
			<key>path</key>
			<string>BookData.h</string>
			<key>sourceTree</key>
			<string>&lt;group&gt;</string>
		</dict>
		<key>2533ECE219FADE560000CC6D</key>
		<dict>
			<key>fileEncoding</key>
			<string>4</string>
			<key>isa</key>
			<string>PBXFileReference</string>
			<key>lastKnownFileType</key>
			<string>sourcecode.c.objc</string>
			<key>path</key>
			<string>BookData.m</string>
			<key>sourceTree</key>
			<string>&lt;group&gt;</string>
		</dict>
		<key>2533ECE319FADE560000CC6D</key>
		<dict>
			<key>fileRef</key>
			<string>2533ECE219FADE560000CC6D</string>
			<key>isa</key>
			<string>PBXBuildFile</string>
		</dict>
		<key>2533ECE419FAE1B20000CC6D</key>
		<dict>
			<key>fileEncoding</key>
			<string>4</string>
			<key>isa</key>
			<string>PBXFileReference</string>
			<key>lastKnownFileType</key>
			<string>sourcecode.c.h</string>
			<key>path</key>
			<string>BookDetailViewController.h</string>
			<key>sourceTree</key>
			<string>&lt;group&gt;</string>
		</dict>
		<key>2533ECE519FAE1B20000CC6D</key>
		<dict>
			<key>fileEncoding</key>
			<string>4</string>
			<key>isa</key>
			<string>PBXFileReference</string>
			<key>lastKnownFileType</key>
			<string>sourcecode.c.objc</string>
			<key>path</key>
			<string>BookDetailViewController.m</string>
			<key>sourceTree</key>
			<string>&lt;group&gt;</string>
		</dict>
		<key>2533ECE619FAE1B20000CC6D</key>
		<dict>
			<key>fileRef</key>
			<string>2533ECE519FAE1B20000CC6D</string>
			<key>isa</key>
			<string>PBXBuildFile</string>
		</dict>
		<key>2533ECE719FAEDE10000CC6D</key>
		<dict>
			<key>fileEncoding</key>
			<string>4</string>
			<key>isa</key>
			<string>PBXFileReference</string>
			<key>lastKnownFileType</key>
			<string>sourcecode.c.h</string>
			<key>path</key>
			<string>Constants.h</string>
			<key>sourceTree</key>
			<string>&lt;group&gt;</string>
		</dict>
		<key>2533ECE819FAEDE10000CC6D</key>
		<dict>
			<key>fileEncoding</key>
			<string>4</string>
			<key>isa</key>
			<string>PBXFileReference</string>
			<key>lastKnownFileType</key>
			<string>sourcecode.c.objc</string>
			<key>path</key>
			<string>Constants.m</string>
			<key>sourceTree</key>
			<string>&lt;group&gt;</string>
		</dict>
		<key>2533ECE919FAEDE10000CC6D</key>
		<dict>
			<key>fileRef</key>
			<string>2533ECE819FAEDE10000CC6D</string>
			<key>isa</key>
			<string>PBXBuildFile</string>
		</dict>
		<key>2533ECEA19FC5A3F0000CC6D</key>
		<dict>
			<key>fileEncoding</key>
			<string>4</string>
			<key>isa</key>
			<string>PBXFileReference</string>
			<key>lastKnownFileType</key>
			<string>sourcecode.c.h</string>
			<key>path</key>
			<string>AddBookViewController.h</string>
			<key>sourceTree</key>
			<string>&lt;group&gt;</string>
		</dict>
		<key>2533ECEB19FC5A3F0000CC6D</key>
		<dict>
			<key>fileEncoding</key>
			<string>4</string>
			<key>isa</key>
			<string>PBXFileReference</string>
			<key>lastKnownFileType</key>
			<string>sourcecode.c.objc</string>
			<key>path</key>
			<string>AddBookViewController.m</string>
			<key>sourceTree</key>
			<string>&lt;group&gt;</string>
		</dict>
		<key>2533ECEC19FC5A3F0000CC6D</key>
		<dict>
			<key>fileRef</key>
			<string>2533ECEB19FC5A3F0000CC6D</string>
			<key>isa</key>
			<string>PBXBuildFile</string>
		</dict>
		<key>4263A6788E5AA55DE0534AB1</key>
		<dict>
			<key>buildActionMask</key>
			<string>2147483647</string>
			<key>files</key>
			<array/>
			<key>inputPaths</key>
			<array/>
			<key>isa</key>
			<string>PBXShellScriptBuildPhase</string>
			<key>name</key>
			<string>Copy Pods Resources</string>
			<key>outputPaths</key>
			<array/>
			<key>runOnlyForDeploymentPostprocessing</key>
			<string>0</string>
			<key>shellPath</key>
			<string>/bin/sh</string>
			<key>shellScript</key>
			<string>"${SRCROOT}/Pods/Target Support Files/Pods/Pods-resources.sh"
</string>
			<key>showEnvVarsInLog</key>
			<string>0</string>
		</dict>
		<key>66DF8A59D6923C98C9AF6664</key>
		<dict>
			<key>buildActionMask</key>
			<string>2147483647</string>
			<key>files</key>
			<array/>
			<key>inputPaths</key>
			<array/>
			<key>isa</key>
			<string>PBXShellScriptBuildPhase</string>
			<key>name</key>
			<string>Check Pods Manifest.lock</string>
			<key>outputPaths</key>
			<array/>
			<key>runOnlyForDeploymentPostprocessing</key>
			<string>0</string>
			<key>shellPath</key>
			<string>/bin/sh</string>
			<key>shellScript</key>
			<string>diff "${PODS_ROOT}/../Podfile.lock" "${PODS_ROOT}/Manifest.lock" &gt; /dev/null
if [[ $? != 0 ]] ; then
    cat &lt;&lt; EOM
error: The sandbox is not in sync with the Podfile.lock. Run 'pod install' or update your CocoaPods installation.
EOM
    exit 1
fi
</string>
			<key>showEnvVarsInLog</key>
			<string>0</string>
		</dict>
		<key>9030190FFF8D0F0E17E4A210</key>
		<dict>
			<key>includeInIndex</key>
			<string>1</string>
			<key>isa</key>
			<string>PBXFileReference</string>
			<key>lastKnownFileType</key>
			<string>text.xcconfig</string>
			<key>name</key>
			<string>Pods.debug.xcconfig</string>
			<key>path</key>
			<string>Pods/Target Support Files/Pods/Pods.debug.xcconfig</string>
			<key>sourceTree</key>
			<string>&lt;group&gt;</string>
		</dict>
		<key>9044353AF6FF3E5637B9D5A3</key>
		<dict>
			<key>children</key>
			<array>
				<string>9030190FFF8D0F0E17E4A210</string>
				<string>FDBA1E8E2AC2FD81D9925992</string>
			</array>
			<key>isa</key>
			<string>PBXGroup</string>
			<key>name</key>
			<string>Pods</string>
			<key>sourceTree</key>
			<string>&lt;group&gt;</string>
		</dict>
		<key>CBA7C2DE07E5966CF8323A7D</key>
		<dict>
			<key>fileRef</key>
			<string>EC69CE5F6839F67385C8C7AB</string>
			<key>isa</key>
			<string>PBXBuildFile</string>
		</dict>
		<key>EC69CE5F6839F67385C8C7AB</key>
		<dict>
			<key>explicitFileType</key>
			<string>archive.ar</string>
			<key>includeInIndex</key>
			<string>0</string>
			<key>isa</key>
			<string>PBXFileReference</string>
			<key>path</key>
			<string>libPods.a</string>
			<key>sourceTree</key>
			<string>BUILT_PRODUCTS_DIR</string>
		</dict>
		<key>FDBA1E8E2AC2FD81D9925992</key>
		<dict>
			<key>includeInIndex</key>
			<string>1</string>
			<key>isa</key>
			<string>PBXFileReference</string>
			<key>lastKnownFileType</key>
			<string>text.xcconfig</string>
			<key>name</key>
			<string>Pods.release.xcconfig</string>
			<key>path</key>
			<string>Pods/Target Support Files/Pods/Pods.release.xcconfig</string>
			<key>sourceTree</key>
			<string>&lt;group&gt;</string>
		</dict>
	</dict>
	<key>rootObject</key>
	<string>2533ECA119FAC3CC0000CC6D</string>
</dict>
</plist>
